// !$*UTF8*$!
{
	archiveVersion = 1;
	classes = {
	};
	objectVersion = 56;
	objects = {

/* Begin PBXBuildFile section */
		A10000000000000000000001 /* MarblesApp.swift in Sources */ = {isa = PBXBuildFile; fileRef = A20000000000000000000001 /* MarblesApp.swift */; };
		A10000000000000000000002 /* StatusItemController.swift in Sources */ = {isa = PBXBuildFile; fileRef = A20000000000000000000002 /* StatusItemController.swift */; };
		A10000000000000000000003 /* PreferencesView.swift in Sources */ = {isa = PBXBuildFile; fileRef = A20000000000000000000003 /* PreferencesView.swift */; };
		A10000000000000000000004 /* OverlayPanel.swift in Sources */ = {isa = PBXBuildFile; fileRef = A20000000000000000000004 /* OverlayPanel.swift */; };
		A10000000000000000000005 /* OverlayRootView.swift in Sources */ = {isa = PBXBuildFile; fileRef = A20000000000000000000005 /* OverlayRootView.swift */; };
		A10000000000000000000006 /* OverlayController.swift in Sources */ = {isa = PBXBuildFile; fileRef = A20000000000000000000006 /* OverlayController.swift */; };
		A10000000000000000000007 /* Models.swift in Sources */ = {isa = PBXBuildFile; fileRef = A20000000000000000000010 /* Models.swift */; };
		A10000000000000000000008 /* LatticeSlots.swift in Sources */ = {isa = PBXBuildFile; fileRef = A20000000000000000000011 /* LatticeSlots.swift */; };
		A10000000000000000000017 /* FixtureFiles.swift in Sources */ = {isa = PBXBuildFile; fileRef = A20000000000000000000020 /* FixtureFiles.swift */; };
		A10000000000000000000009 /* ModeController.swift in Sources */ = {isa = PBXBuildFile; fileRef = A20000000000000000000012 /* ModeController.swift */; };
		A1000000000000000000000A /* SnapGeometry.swift in Sources */ = {isa = PBXBuildFile; fileRef = A20000000000000000000013 /* SnapGeometry.swift */; };
		A1000000000000000000000B /* LayoutEngine.swift in Sources */ = {isa = PBXBuildFile; fileRef = A20000000000000000000014 /* LayoutEngine.swift */; };
		A1000000000000000000000C /* PlaceholderMarbleView.swift in Sources */ = {isa = PBXBuildFile; fileRef = A20000000000000000000015 /* PlaceholderMarbleView.swift */; };
		A1000000000000000000000D /* HookEvent.swift in Sources */ = {isa = PBXBuildFile; fileRef = A20000000000000000000016 /* HookEvent.swift */; };
		A1000000000000000000000E /* HookMapper.swift in Sources */ = {isa = PBXBuildFile; fileRef = A20000000000000000000017 /* HookMapper.swift */; };
		A1000000000000000000000F /* IngestConstants.swift in Sources */ = {isa = PBXBuildFile; fileRef = A20000000000000000000018 /* IngestConstants.swift */; };
		A10000000000000000000010 /* SeedStore.swift in Sources */ = {isa = PBXBuildFile; fileRef = A20000000000000000000019 /* SeedStore.swift */; };
		A10000000000000000000011 /* AgentStore.swift in Sources */ = {isa = PBXBuildFile; fileRef = A2000000000000000000001A /* AgentStore.swift */; };
		A10000000000000000000012 /* IngestServer.swift in Sources */ = {isa = PBXBuildFile; fileRef = A2000000000000000000001B /* IngestServer.swift */; };
		A10000000000000000000013 /* IngestAuth.swift in Sources */ = {isa = PBXBuildFile; fileRef = A2000000000000000000001C /* IngestAuth.swift */; };
		A10000000000000000000014 /* MotionEngine.swift in Sources */ = {isa = PBXBuildFile; fileRef = A2000000000000000000001D /* MotionEngine.swift */; };
		A10000000000000000000015 /* Chips.swift in Sources */ = {isa = PBXBuildFile; fileRef = A2000000000000000000001E /* Chips.swift */; };
		A10000000000000000000016 /* ChipView.swift in Sources */ = {isa = PBXBuildFile; fileRef = A2000000000000000000001F /* ChipView.swift */; };
		A10000000000000000000018 /* Identity.swift in Sources */ = {isa = PBXBuildFile; fileRef = A20000000000000000000021 /* Identity.swift */; };
		A10000000000000000000019 /* MarbleRenderer.swift in Sources */ = {isa = PBXBuildFile; fileRef = A20000000000000000000022 /* MarbleRenderer.swift */; };
		A1000000000000000000001A /* IdentitySheet.swift in Sources */ = {isa = PBXBuildFile; fileRef = A20000000000000000000023 /* IdentitySheet.swift */; };
		A1000000000000000000001B /* Marble.metal in Resources */ = {isa = PBXBuildFile; fileRef = A20000000000000000000024 /* Marble.metal */; };
		A1000000000000000000001C /* Metal.framework in Frameworks */ = {isa = PBXBuildFile; fileRef = A20000000000000000000025 /* Metal.framework */; };
		A1000000000000000000001D /* MetalKit.framework in Frameworks */ = {isa = PBXBuildFile; fileRef = A20000000000000000000026 /* MetalKit.framework */; };
		A1000000000000000000001E /* FocusPreview.swift in Sources */ = {isa = PBXBuildFile; fileRef = A20000000000000000000027 /* FocusPreview.swift */; };
		A1000000000000000000001F /* FocusCardView.swift in Sources */ = {isa = PBXBuildFile; fileRef = A20000000000000000000028 /* FocusCardView.swift */; };
		A10000000000000000000021 /* MarbleGlassDisc.swift in Sources */ = {isa = PBXBuildFile; fileRef = A2000000000000000000002A /* MarbleGlassDisc.swift */; };
		A10000000000000000000022 /* JSONC.swift in Sources */ = {isa = PBXBuildFile; fileRef = A2000000000000000000002B /* JSONC.swift */; };
		A10000000000000000000023 /* Hooks.swift in Sources */ = {isa = PBXBuildFile; fileRef = A2000000000000000000002C /* Hooks.swift */; };
		A10000000000000000000024 /* PrefsStore.swift in Sources */ = {isa = PBXBuildFile; fileRef = A2000000000000000000002D /* PrefsStore.swift */; };
		A10000000000000000000025 /* DemoMarble.swift in Sources */ = {isa = PBXBuildFile; fileRef = A2000000000000000000002E /* DemoMarble.swift */; };
		A10000000000000000000026 /* LoginItem.swift in Sources */ = {isa = PBXBuildFile; fileRef = A2000000000000000000002F /* LoginItem.swift */; };
		A10000000000000000000028 /* TranscriptPeek.swift in Sources */ = {isa = PBXBuildFile; fileRef = A20000000000000000000032 /* TranscriptPeek.swift */; };
		A10000000000000000000027 /* ServiceManagement.framework in Frameworks */ = {isa = PBXBuildFile; fileRef = A20000000000000000000031 /* ServiceManagement.framework */; };
/* End PBXBuildFile section */

/* Begin PBXFileReference section */
		A20000000000000000000001 /* MarblesApp.swift */ = {isa = PBXFileReference; lastKnownFileType = sourcecode.swift; path = MarblesApp.swift; sourceTree = "<group>"; };
		A20000000000000000000002 /* StatusItemController.swift */ = {isa = PBXFileReference; lastKnownFileType = sourcecode.swift; path = StatusItemController.swift; sourceTree = "<group>"; };
		A20000000000000000000003 /* PreferencesView.swift */ = {isa = PBXFileReference; lastKnownFileType = sourcecode.swift; path = PreferencesView.swift; sourceTree = "<group>"; };
		A20000000000000000000004 /* OverlayPanel.swift */ = {isa = PBXFileReference; lastKnownFileType = sourcecode.swift; path = OverlayPanel.swift; sourceTree = "<group>"; };
		A20000000000000000000005 /* OverlayRootView.swift */ = {isa = PBXFileReference; lastKnownFileType = sourcecode.swift; path = OverlayRootView.swift; sourceTree = "<group>"; };
		A20000000000000000000006 /* OverlayController.swift */ = {isa = PBXFileReference; lastKnownFileType = sourcecode.swift; path = OverlayController.swift; sourceTree = "<group>"; };
		A20000000000000000000010 /* Models.swift */ = {isa = PBXFileReference; lastKnownFileType = sourcecode.swift; path = Models.swift; sourceTree = "<group>"; };
		A20000000000000000000011 /* LatticeSlots.swift */ = {isa = PBXFileReference; lastKnownFileType = sourcecode.swift; path = LatticeSlots.swift; sourceTree = "<group>"; };
		A20000000000000000000020 /* FixtureFiles.swift */ = {isa = PBXFileReference; lastKnownFileType = sourcecode.swift; path = FixtureFiles.swift; sourceTree = "<group>"; };
		A20000000000000000000012 /* ModeController.swift */ = {isa = PBXFileReference; lastKnownFileType = sourcecode.swift; path = ModeController.swift; sourceTree = "<group>"; };
		A20000000000000000000013 /* SnapGeometry.swift */ = {isa = PBXFileReference; lastKnownFileType = sourcecode.swift; path = SnapGeometry.swift; sourceTree = "<group>"; };
		A20000000000000000000014 /* LayoutEngine.swift */ = {isa = PBXFileReference; lastKnownFileType = sourcecode.swift; path = LayoutEngine.swift; sourceTree = "<group>"; };
		A20000000000000000000015 /* PlaceholderMarbleView.swift */ = {isa = PBXFileReference; lastKnownFileType = sourcecode.swift; path = PlaceholderMarbleView.swift; sourceTree = "<group>"; };
		A20000000000000000000016 /* HookEvent.swift */ = {isa = PBXFileReference; lastKnownFileType = sourcecode.swift; path = HookEvent.swift; sourceTree = "<group>"; };
		A20000000000000000000017 /* HookMapper.swift */ = {isa = PBXFileReference; lastKnownFileType = sourcecode.swift; path = HookMapper.swift; sourceTree = "<group>"; };
		A20000000000000000000018 /* IngestConstants.swift */ = {isa = PBXFileReference; lastKnownFileType = sourcecode.swift; path = IngestConstants.swift; sourceTree = "<group>"; };
		A20000000000000000000019 /* SeedStore.swift */ = {isa = PBXFileReference; lastKnownFileType = sourcecode.swift; path = SeedStore.swift; sourceTree = "<group>"; };
		A2000000000000000000001A /* AgentStore.swift */ = {isa = PBXFileReference; lastKnownFileType = sourcecode.swift; path = AgentStore.swift; sourceTree = "<group>"; };
		A2000000000000000000001B /* IngestServer.swift */ = {isa = PBXFileReference; lastKnownFileType = sourcecode.swift; path = IngestServer.swift; sourceTree = "<group>"; };
		A2000000000000000000001C /* IngestAuth.swift */ = {isa = PBXFileReference; lastKnownFileType = sourcecode.swift; path = IngestAuth.swift; sourceTree = "<group>"; };
		A2000000000000000000001D /* MotionEngine.swift */ = {isa = PBXFileReference; lastKnownFileType = sourcecode.swift; path = MotionEngine.swift; sourceTree = "<group>"; };
		A2000000000000000000001E /* Chips.swift */ = {isa = PBXFileReference; lastKnownFileType = sourcecode.swift; path = Chips.swift; sourceTree = "<group>"; };
		A2000000000000000000001F /* ChipView.swift */ = {isa = PBXFileReference; lastKnownFileType = sourcecode.swift; path = ChipView.swift; sourceTree = "<group>"; };
		A20000000000000000000021 /* Identity.swift */ = {isa = PBXFileReference; lastKnownFileType = sourcecode.swift; path = Identity.swift; sourceTree = "<group>"; };
		A20000000000000000000022 /* MarbleRenderer.swift */ = {isa = PBXFileReference; lastKnownFileType = sourcecode.swift; path = MarbleRenderer.swift; sourceTree = "<group>"; };
		A20000000000000000000023 /* IdentitySheet.swift */ = {isa = PBXFileReference; lastKnownFileType = sourcecode.swift; path = IdentitySheet.swift; sourceTree = "<group>"; };
		A20000000000000000000024 /* Marble.metal */ = {isa = PBXFileReference; lastKnownFileType = sourcecode.metal; path = Marble.metal; sourceTree = "<group>"; };
		A20000000000000000000025 /* Metal.framework */ = {isa = PBXFileReference; lastKnownFileType = wrapper.framework; name = Metal.framework; path = System/Library/Frameworks/Metal.framework; sourceTree = SDKROOT; };
		A20000000000000000000026 /* MetalKit.framework */ = {isa = PBXFileReference; lastKnownFileType = wrapper.framework; name = MetalKit.framework; path = System/Library/Frameworks/MetalKit.framework; sourceTree = SDKROOT; };
		A20000000000000000000027 /* FocusPreview.swift */ = {isa = PBXFileReference; lastKnownFileType = sourcecode.swift; path = FocusPreview.swift; sourceTree = "<group>"; };
		A20000000000000000000028 /* FocusCardView.swift */ = {isa = PBXFileReference; lastKnownFileType = sourcecode.swift; path = FocusCardView.swift; sourceTree = "<group>"; };
		A2000000000000000000002A /* MarbleGlassDisc.swift */ = {isa = PBXFileReference; lastKnownFileType = sourcecode.swift; path = MarbleGlassDisc.swift; sourceTree = "<group>"; };
		A2000000000000000000002B /* JSONC.swift */ = {isa = PBXFileReference; lastKnownFileType = sourcecode.swift; path = JSONC.swift; sourceTree = "<group>"; };
		A2000000000000000000002C /* Hooks.swift */ = {isa = PBXFileReference; lastKnownFileType = sourcecode.swift; path = Hooks.swift; sourceTree = "<group>"; };
		A2000000000000000000002D /* PrefsStore.swift */ = {isa = PBXFileReference; lastKnownFileType = sourcecode.swift; path = PrefsStore.swift; sourceTree = "<group>"; };
		A2000000000000000000002E /* DemoMarble.swift */ = {isa = PBXFileReference; lastKnownFileType = sourcecode.swift; path = DemoMarble.swift; sourceTree = "<group>"; };
		A2000000000000000000002F /* LoginItem.swift */ = {isa = PBXFileReference; lastKnownFileType = sourcecode.swift; path = LoginItem.swift; sourceTree = "<group>"; };
		A20000000000000000000032 /* TranscriptPeek.swift */ = {isa = PBXFileReference; lastKnownFileType = sourcecode.swift; path = TranscriptPeek.swift; sourceTree = "<group>"; };
		A20000000000000000000031 /* ServiceManagement.framework */ = {isa = PBXFileReference; lastKnownFileType = wrapper.framework; name = ServiceManagement.framework; path = System/Library/Frameworks/ServiceManagement.framework; sourceTree = SDKROOT; };
		A20000000000000000000007 /* Marbles.entitlements */ = {isa = PBXFileReference; lastKnownFileType = text.plist.entitlements; path = Marbles.entitlements; sourceTree = "<group>"; };
		A20000000000000000000008 /* Marbles.app */ = {isa = PBXFileReference; explicitFileType = wrapper.application; includeInIndex = 0; path = Marbles.app; sourceTree = BUILT_PRODUCTS_DIR; };
/* End PBXFileReference section */

/* Begin PBXFrameworksBuildPhase section */
		A30000000000000000000001 /* Frameworks */ = {
			isa = PBXFrameworksBuildPhase;
			buildActionMask = 2147483647;
			files = (
				A1000000000000000000001C /* Metal.framework in Frameworks */,
				A1000000000000000000001D /* MetalKit.framework in Frameworks */,
				A10000000000000000000027 /* ServiceManagement.framework in Frameworks */,
			);
			runOnlyForDeploymentPostprocessing = 0;
		};
/* End PBXFrameworksBuildPhase section */

/* Begin PBXGroup section */
		A40000000000000000000001 = {
			isa = PBXGroup;
			children = (
				A40000000000000000000002 /* Sources */,
				A4000000000000000000000E /* Resources */,
				A20000000000000000000007 /* Marbles.entitlements */,
				A40000000000000000000005 /* Products */,
			);
			sourceTree = "<group>";
		};
		A40000000000000000000002 /* Sources */ = {
			isa = PBXGroup;
			children = (
				A40000000000000000000003 /* App */,
				A40000000000000000000006 /* Agents */,
				A40000000000000000000007 /* Mode */,
				A40000000000000000000008 /* Layout */,
				A40000000000000000000004 /* Overlay */,
				A40000000000000000000009 /* Ingest */,
				A4000000000000000000000A /* Motion */,
				A4000000000000000000000B /* Chips */,
				A4000000000000000000000C /* Identity */,
				A4000000000000000000000D /* Render */,
				A40000000000000000000010 /* Focus */,
				A40000000000000000000011 /* Hooks */,
				A40000000000000000000012 /* Persistence */,
				A40000000000000000000013 /* Demo */,
			);
			path = Sources;
			sourceTree = "<group>";
		};
		A40000000000000000000003 /* App */ = {
			isa = PBXGroup;
			children = (
				A20000000000000000000001 /* MarblesApp.swift */,
				A20000000000000000000002 /* StatusItemController.swift */,
				A20000000000000000000003 /* PreferencesView.swift */,
				A2000000000000000000002F /* LoginItem.swift */,
			);
			path = App;
			sourceTree = "<group>";
		};
		A40000000000000000000004 /* Overlay */ = {
			isa = PBXGroup;
			children = (
				A20000000000000000000004 /* OverlayPanel.swift */,
				A20000000000000000000005 /* OverlayRootView.swift */,
				A20000000000000000000006 /* OverlayController.swift */,
				A20000000000000000000015 /* PlaceholderMarbleView.swift */,
				A2000000000000000000002A /* MarbleGlassDisc.swift */,
			);
			path = Overlay;
			sourceTree = "<group>";
		};
		A40000000000000000000006 /* Agents */ = {
			isa = PBXGroup;
			children = (
				A20000000000000000000010 /* Models.swift */,
				A20000000000000000000011 /* LatticeSlots.swift */,
				A20000000000000000000020 /* FixtureFiles.swift */,
				A20000000000000000000016 /* HookEvent.swift */,
				A20000000000000000000017 /* HookMapper.swift */,
				A20000000000000000000032 /* TranscriptPeek.swift */,
				A20000000000000000000018 /* IngestConstants.swift */,
				A20000000000000000000019 /* SeedStore.swift */,
				A2000000000000000000001A /* AgentStore.swift */,
			);
			path = Agents;
			sourceTree = "<group>";
		};
		A40000000000000000000007 /* Mode */ = {
			isa = PBXGroup;
			children = (
				A20000000000000000000012 /* ModeController.swift */,
			);
			path = Mode;
			sourceTree = "<group>";
		};
		A40000000000000000000008 /* Layout */ = {
			isa = PBXGroup;
			children = (
				A20000000000000000000013 /* SnapGeometry.swift */,
				A20000000000000000000014 /* LayoutEngine.swift */,
			);
			path = Layout;
			sourceTree = "<group>";
		};
		A40000000000000000000009 /* Ingest */ = {
			isa = PBXGroup;
			children = (
				A2000000000000000000001B /* IngestServer.swift */,
				A2000000000000000000001C /* IngestAuth.swift */,
			);
			path = Ingest;
			sourceTree = "<group>";
		};
		A4000000000000000000000A /* Motion */ = {
			isa = PBXGroup;
			children = (
				A2000000000000000000001D /* MotionEngine.swift */,
			);
			path = Motion;
			sourceTree = "<group>";
		};
		A4000000000000000000000B /* Chips */ = {
			isa = PBXGroup;
			children = (
				A2000000000000000000001E /* Chips.swift */,
				A2000000000000000000001F /* ChipView.swift */,
			);
			path = Chips;
			sourceTree = "<group>";
		};
		A40000000000000000000011 /* Hooks */ = {
			isa = PBXGroup;
			children = (
				A2000000000000000000002B /* JSONC.swift */,
				A2000000000000000000002C /* Hooks.swift */,
			);
			path = Hooks;
			sourceTree = "<group>";
		};
		A40000000000000000000012 /* Persistence */ = {
			isa = PBXGroup;
			children = (
				A2000000000000000000002D /* PrefsStore.swift */,
			);
			path = Persistence;
			sourceTree = "<group>";
		};
		A40000000000000000000013 /* Demo */ = {
			isa = PBXGroup;
			children = (
				A2000000000000000000002E /* DemoMarble.swift */,
			);
			path = Demo;
			sourceTree = "<group>";
		};
		A40000000000000000000010 /* Focus */ = {
			isa = PBXGroup;
			children = (
				A20000000000000000000027 /* FocusPreview.swift */,
				A20000000000000000000028 /* FocusCardView.swift */,
			);
			path = Focus;
			sourceTree = "<group>";
		};
		A4000000000000000000000C /* Identity */ = {
			isa = PBXGroup;
			children = (
				A20000000000000000000021 /* Identity.swift */,
			);
			path = Identity;
			sourceTree = "<group>";
		};
		A4000000000000000000000D /* Render */ = {
			isa = PBXGroup;
			children = (
				A20000000000000000000022 /* MarbleRenderer.swift */,
				A20000000000000000000023 /* IdentitySheet.swift */,
			);
			path = Render;
			sourceTree = "<group>";
		};
		A4000000000000000000000E /* Resources */ = {
			isa = PBXGroup;
			children = (
				A4000000000000000000000F /* Shaders */,
			);
			path = Resources;
			sourceTree = "<group>";
		};
		A4000000000000000000000F /* Shaders */ = {
			isa = PBXGroup;
			children = (
				A20000000000000000000024 /* Marble.metal */,
			);
			path = Shaders;
			sourceTree = "<group>";
		};
		A40000000000000000000005 /* Products */ = {
			isa = PBXGroup;
			children = (
				A20000000000000000000008 /* Marbles.app */,
			);
			name = Products;
			sourceTree = "<group>";
		};
/* End PBXGroup section */

/* Begin PBXNativeTarget section */
		A50000000000000000000001 /* Marbles */ = {
			isa = PBXNativeTarget;
			buildConfigurationList = A70000000000000000000003 /* Build configuration list for PBXNativeTarget "Marbles" */;
			buildPhases = (
				A60000000000000000000001 /* Sources */,
				A30000000000000000000001 /* Frameworks */,
				A60000000000000000000002 /* Resources */,
			);
			buildRules = (
			);
			dependencies = (
			);
			name = Marbles;
			productName = Marbles;
			productReference = A20000000000000000000008 /* Marbles.app */;
			productType = "com.apple.product-type.application";
		};
/* End PBXNativeTarget section */

/* Begin PBXProject section */
		A80000000000000000000001 /* Project object */ = {
			isa = PBXProject;
			attributes = {
				BuildIndependentTargetsInParallel = 1;
				LastSwiftUpdateCheck = 2600;
				LastUpgradeCheck = 2600;
				TargetAttributes = {
					A50000000000000000000001 = {
						CreatedOnToolsVersion = 26.0;
					};
				};
			};
			buildConfigurationList = A70000000000000000000001 /* Build configuration list for PBXProject "Marbles" */;
			compatibilityVersion = "Xcode 14.0";
			developmentRegion = en;
			hasScannedForEncodings = 0;
			knownRegions = (
				en,
				Base,
			);
			mainGroup = A40000000000000000000001;
			productRefGroup = A40000000000000000000005 /* Products */;
			projectDirPath = "";
			projectRoot = "";
			targets = (
				A50000000000000000000001 /* Marbles */,
			);
		};
/* End PBXProject section */

/* Begin PBXResourcesBuildPhase section */
		A60000000000000000000002 /* Resources */ = {
			isa = PBXResourcesBuildPhase;
			buildActionMask = 2147483647;
			files = (
				A1000000000000000000001B /* Marble.metal in Resources */,
			);
			runOnlyForDeploymentPostprocessing = 0;
		};
/* End PBXResourcesBuildPhase section */

/* Begin PBXSourcesBuildPhase section */
		A60000000000000000000001 /* Sources */ = {
			isa = PBXSourcesBuildPhase;
			buildActionMask = 2147483647;
			files = (
				A10000000000000000000001 /* MarblesApp.swift in Sources */,
				A10000000000000000000002 /* StatusItemController.swift in Sources */,
				A10000000000000000000003 /* PreferencesView.swift in Sources */,
				A10000000000000000000004 /* OverlayPanel.swift in Sources */,
				A10000000000000000000005 /* OverlayRootView.swift in Sources */,
				A10000000000000000000006 /* OverlayController.swift in Sources */,
				A10000000000000000000007 /* Models.swift in Sources */,
				A10000000000000000000008 /* LatticeSlots.swift in Sources */,
				A10000000000000000000017 /* FixtureFiles.swift in Sources */,
				A10000000000000000000009 /* ModeController.swift in Sources */,
				A1000000000000000000000A /* SnapGeometry.swift in Sources */,
				A1000000000000000000000B /* LayoutEngine.swift in Sources */,
				A1000000000000000000000C /* PlaceholderMarbleView.swift in Sources */,
				A1000000000000000000000D /* HookEvent.swift in Sources */,
				A1000000000000000000000E /* HookMapper.swift in Sources */,
				A1000000000000000000000F /* IngestConstants.swift in Sources */,
				A10000000000000000000010 /* SeedStore.swift in Sources */,
				A10000000000000000000011 /* AgentStore.swift in Sources */,
				A10000000000000000000012 /* IngestServer.swift in Sources */,
				A10000000000000000000013 /* IngestAuth.swift in Sources */,
				A10000000000000000000014 /* MotionEngine.swift in Sources */,
				A10000000000000000000015 /* Chips.swift in Sources */,
				A10000000000000000000016 /* ChipView.swift in Sources */,
				A10000000000000000000018 /* Identity.swift in Sources */,
				A10000000000000000000019 /* MarbleRenderer.swift in Sources */,
				A1000000000000000000001A /* IdentitySheet.swift in Sources */,
				A1000000000000000000001E /* FocusPreview.swift in Sources */,
				A1000000000000000000001F /* FocusCardView.swift in Sources */,
				A10000000000000000000021 /* MarbleGlassDisc.swift in Sources */,
				A10000000000000000000022 /* JSONC.swift in Sources */,
				A10000000000000000000023 /* Hooks.swift in Sources */,
				A10000000000000000000024 /* PrefsStore.swift in Sources */,
				A10000000000000000000025 /* DemoMarble.swift in Sources */,
				A10000000000000000000026 /* LoginItem.swift in Sources */,
				A10000000000000000000028 /* TranscriptPeek.swift in Sources */,
			);
			runOnlyForDeploymentPostprocessing = 0;
		};
/* End PBXSourcesBuildPhase section */

/* Begin XCBuildConfiguration section */
		A90000000000000000000001 /* Debug */ = {
			isa = XCBuildConfiguration;
			buildSettings = {
				ALWAYS_SEARCH_USER_PATHS = NO;
				CLANG_ENABLE_MODULES = YES;
				CLANG_ENABLE_OBJC_ARC = YES;
				COPY_PHASE_STRIP = NO;
				DEBUG_INFORMATION_FORMAT = dwarf;
				ENABLE_TESTABILITY = YES;
				GCC_DYNAMIC_NO_PIC = NO;
				GCC_OPTIMIZATION_LEVEL = 0;
				MACOSX_DEPLOYMENT_TARGET = 14.0;
				ONLY_ACTIVE_ARCH = YES;
				SDKROOT = macosx;
				SWIFT_ACTIVE_COMPILATION_CONDITIONS = "DEBUG $(inherited)";
				SWIFT_OPTIMIZATION_LEVEL = "-Onone";
				SWIFT_VERSION = 5.0;
			};
			name = Debug;
		};
		A90000000000000000000002 /* Release */ = {
			isa = XCBuildConfiguration;
			buildSettings = {
				ALWAYS_SEARCH_USER_PATHS = NO;
				CLANG_ENABLE_MODULES = YES;
				CLANG_ENABLE_OBJC_ARC = YES;
				COPY_PHASE_STRIP = NO;
				DEBUG_INFORMATION_FORMAT = "dwarf-with-dsym";
				MACOSX_DEPLOYMENT_TARGET = 14.0;
				SDKROOT = macosx;
				SWIFT_COMPILATION_MODE = wholemodule;
				SWIFT_VERSION = 5.0;
			};
			name = Release;
		};
		A90000000000000000000003 /* Debug */ = {
			isa = XCBuildConfiguration;
			buildSettings = {
				ASSETCATALOG_COMPILER_APPICON_NAME = "";
				CODE_SIGN_ENTITLEMENTS = Marbles.entitlements;
				CODE_SIGN_IDENTITY = "-";
				CODE_SIGN_STYLE = Automatic;
				COMBINE_HIDPI_IMAGES = YES;
				CURRENT_PROJECT_VERSION = 1;
				ENABLE_HARDENED_RUNTIME = NO;
				GENERATE_INFOPLIST_FILE = YES;
				INFOPLIST_KEY_CFBundleDisplayName = Marbles;
				INFOPLIST_KEY_LSApplicationCategoryType = "public.app-category.developer-tools";
				INFOPLIST_KEY_LSUIElement = YES;
				INFOPLIST_KEY_NSHumanReadableCopyright = "";
				INFOPLIST_KEY_NSPrincipalClass = NSApplication;
				LD_RUNPATH_SEARCH_PATHS = (
					"$(inherited)",
					"@executable_path/../Frameworks",
				);
				MACOSX_DEPLOYMENT_TARGET = 14.0;
				MARKETING_VERSION = 0.1.0;
				PRODUCT_BUNDLE_IDENTIFIER = dev.marbles.app;
				PRODUCT_NAME = Marbles;
				SWIFT_EMIT_LOC_STRINGS = YES;
				SWIFT_VERSION = 5.0;
			};
			name = Debug;
		};
		A90000000000000000000004 /* Release */ = {
			isa = XCBuildConfiguration;
			buildSettings = {
				ASSETCATALOG_COMPILER_APPICON_NAME = "";
				CODE_SIGN_ENTITLEMENTS = Marbles.entitlements;
				CODE_SIGN_IDENTITY = "-";
				CODE_SIGN_STYLE = Automatic;
				COMBINE_HIDPI_IMAGES = YES;
				CURRENT_PROJECT_VERSION = 1;
				ENABLE_HARDENED_RUNTIME = NO;
				GENERATE_INFOPLIST_FILE = YES;
				INFOPLIST_KEY_CFBundleDisplayName = Marbles;
				INFOPLIST_KEY_LSApplicationCategoryType = "public.app-category.developer-tools";
				INFOPLIST_KEY_LSUIElement = YES;
				INFOPLIST_KEY_NSHumanReadableCopyright = "";
				INFOPLIST_KEY_NSPrincipalClass = NSApplication;
				LD_RUNPATH_SEARCH_PATHS = (
					"$(inherited)",
					"@executable_path/../Frameworks",
				);
				MACOSX_DEPLOYMENT_TARGET = 14.0;
				MARKETING_VERSION = 0.1.0;
				PRODUCT_BUNDLE_IDENTIFIER = dev.marbles.app;
				PRODUCT_NAME = Marbles;
				SWIFT_EMIT_LOC_STRINGS = YES;
				SWIFT_VERSION = 5.0;
			};
			name = Release;
		};
/* End XCBuildConfiguration section */

/* Begin XCConfigurationList section */
		A70000000000000000000001 /* Build configuration list for PBXProject "Marbles" */ = {
			isa = XCConfigurationList;
			buildConfigurations = (
				A90000000000000000000001 /* Debug */,
				A90000000000000000000002 /* Release */,
			);
			defaultConfigurationIsVisible = 0;
			defaultConfigurationName = Release;
		};
		A70000000000000000000003 /* Build configuration list for PBXNativeTarget "Marbles" */ = {
			isa = XCConfigurationList;
			buildConfigurations = (
				A90000000000000000000003 /* Debug */,
				A90000000000000000000004 /* Release */,
			);
			defaultConfigurationIsVisible = 0;
			defaultConfigurationName = Release;
		};
/* End XCConfigurationList section */
	};
	rootObject = A80000000000000000000001 /* Project object */;
}
